# THIS IS AN AUTOGENERATED FILE. DO NOT EDIT THIS FILE DIRECTLY.
# yarn lockfile v1


react-hook-form@^7.22.1:
  version "7.22.1"
  resolved "https://registry.yarnpkg.com/react-hook-form/-/react-hook-form-7.22.1.tgz#604cfb2572ed2fcbc7426982a320056cdc23cf18"
  integrity sha512-c1jMj8k0AyvLhqU08B85HZGU2n1RknmyOEDcbROWaraW8kT4ga7kCsi/4XH6A7KCDzAM0sWoa30DVyqkIsJl9Q==
